
Microsoft Visual Studio Solution File, Format Version 12.00
# Visual Studio Version 17
VisualStudioVersion = 17.0.32112.339
MinimumVisualStudioVersion = 10.0.40219.1
Project("{FAE04EC0-301F-11D3-BF4B-00C04F79EFBC}") = "Assignment10.2", "Assignment10.2.csproj", "{295FBE1B-2864-468A-87E1-48AFF3E82948}"
EndProject
Global
	GlobalSection(SolutionConfigurationPlatforms) = preSolution
		Debug|Any CPU = Debug|Any CPU
		Release|Any CPU = Release|Any CPU
	EndGlobalSection
	GlobalSection(ProjectConfigurationPlatforms) = postSolution
		{295FBE1B-2864-468A-87E1-48AFF3E82948}.Debug|Any CPU.ActiveCfg = Debug|Any CPU
		{295FBE1B-2864-468A-87E1-48AFF3E82948}.Debug|Any CPU.Build.0 = Debug|Any CPU
		{295FBE1B-2864-468A-87E1-48AFF3E82948}.Release|Any CPU.ActiveCfg = Release|Any CPU
		{295FBE1B-2864-468A-87E1-48AFF3E82948}.Release|Any CPU.Build.0 = Release|Any CPU
	EndGlobalSection
	GlobalSection(SolutionProperties) = preSolution
		HideSolutionNode = FALSE
	EndGlobalSection
	GlobalSection(ExtensibilityGlobals) = postSolution
		SolutionGuid = {F1D822F6-6FB6-440B-9704-62D80D3D1C62}
	EndGlobalSection
EndGlobal
