
Microsoft Visual Studio Solution File, Format Version 12.00
# Visual Studio Version 16
VisualStudioVersion = 16.0.32002.261
MinimumVisualStudioVersion = 10.0.40219.1
Project("{FAE04EC0-301F-11D3-BF4B-00C04F79EFBC}") = "Assignment1.2.3", "Assignment1.2.3.csproj", "{3B9FD22E-D5BE-4BAF-923F-9E13DC4B321F}"
EndProject
Global
	GlobalSection(SolutionConfigurationPlatforms) = preSolution
		Debug|Any CPU = Debug|Any CPU
		Release|Any CPU = Release|Any CPU
	EndGlobalSection
	GlobalSection(ProjectConfigurationPlatforms) = postSolution
		{3B9FD22E-D5BE-4BAF-923F-9E13DC4B321F}.Debug|Any CPU.ActiveCfg = Debug|Any CPU
		{3B9FD22E-D5BE-4BAF-923F-9E13DC4B321F}.Debug|Any CPU.Build.0 = Debug|Any CPU
		{3B9FD22E-D5BE-4BAF-923F-9E13DC4B321F}.Release|Any CPU.ActiveCfg = Release|Any CPU
		{3B9FD22E-D5BE-4BAF-923F-9E13DC4B321F}.Release|Any CPU.Build.0 = Release|Any CPU
	EndGlobalSection
	GlobalSection(SolutionProperties) = preSolution
		HideSolutionNode = FALSE
	EndGlobalSection
	GlobalSection(ExtensibilityGlobals) = postSolution
		SolutionGuid = {72B380FF-C444-4D44-8038-4FAF31DEEC67}
	EndGlobalSection
EndGlobal
