
Microsoft Visual Studio Solution File, Format Version 12.00
# Visual Studio Version 16
VisualStudioVersion = 16.0.32002.261
MinimumVisualStudioVersion = 10.0.40219.1
Project("{FAE04EC0-301F-11D3-BF4B-00C04F79EFBC}") = "Assignment1.1", "Assignment1.1\Assignment1.1.csproj", "{5BF612D3-C4FB-4530-9CC5-08A8642AA09F}"
EndProject
Global
	GlobalSection(SolutionConfigurationPlatforms) = preSolution
		Debug|Any CPU = Debug|Any CPU
		Release|Any CPU = Release|Any CPU
	EndGlobalSection
	GlobalSection(ProjectConfigurationPlatforms) = postSolution
		{5BF612D3-C4FB-4530-9CC5-08A8642AA09F}.Debug|Any CPU.ActiveCfg = Debug|Any CPU
		{5BF612D3-C4FB-4530-9CC5-08A8642AA09F}.Debug|Any CPU.Build.0 = Debug|Any CPU
		{5BF612D3-C4FB-4530-9CC5-08A8642AA09F}.Release|Any CPU.ActiveCfg = Release|Any CPU
		{5BF612D3-C4FB-4530-9CC5-08A8642AA09F}.Release|Any CPU.Build.0 = Release|Any CPU
	EndGlobalSection
	GlobalSection(SolutionProperties) = preSolution
		HideSolutionNode = FALSE
	EndGlobalSection
	GlobalSection(ExtensibilityGlobals) = postSolution
		SolutionGuid = {037F2B16-5A8E-4B5C-84D0-872D894CE83C}
	EndGlobalSection
EndGlobal
