
Microsoft Visual Studio Solution File, Format Version 12.00
# Visual Studio Version 17
VisualStudioVersion = 17.0.32112.339
MinimumVisualStudioVersion = 10.0.40219.1
Project("{FAE04EC0-301F-11D3-BF4B-00C04F79EFBC}") = "Assignment4.4.2", "Assignment4.4.2.csproj", "{2B1B07F7-0D41-45F6-8EA9-41BF35AA03EA}"
EndProject
Global
	GlobalSection(SolutionConfigurationPlatforms) = preSolution
		Debug|Any CPU = Debug|Any CPU
		Release|Any CPU = Release|Any CPU
	EndGlobalSection
	GlobalSection(ProjectConfigurationPlatforms) = postSolution
		{2B1B07F7-0D41-45F6-8EA9-41BF35AA03EA}.Debug|Any CPU.ActiveCfg = Debug|Any CPU
		{2B1B07F7-0D41-45F6-8EA9-41BF35AA03EA}.Debug|Any CPU.Build.0 = Debug|Any CPU
		{2B1B07F7-0D41-45F6-8EA9-41BF35AA03EA}.Release|Any CPU.ActiveCfg = Release|Any CPU
		{2B1B07F7-0D41-45F6-8EA9-41BF35AA03EA}.Release|Any CPU.Build.0 = Release|Any CPU
	EndGlobalSection
	GlobalSection(SolutionProperties) = preSolution
		HideSolutionNode = FALSE
	EndGlobalSection
	GlobalSection(ExtensibilityGlobals) = postSolution
		SolutionGuid = {D70D5B9C-6454-4039-B420-88A61F8F16B7}
	EndGlobalSection
EndGlobal
