
Microsoft Visual Studio Solution File, Format Version 12.00
# Visual Studio Version 16
VisualStudioVersion = 16.0.32106.194
MinimumVisualStudioVersion = 10.0.40219.1
Project("{FAE04EC0-301F-11D3-BF4B-00C04F79EFBC}") = "Assignment1.4.1", "Assignment1.4.1.csproj", "{708E6393-539A-4DB0-BF8F-32326157692A}"
EndProject
Global
	GlobalSection(SolutionConfigurationPlatforms) = preSolution
		Debug|Any CPU = Debug|Any CPU
		Release|Any CPU = Release|Any CPU
	EndGlobalSection
	GlobalSection(ProjectConfigurationPlatforms) = postSolution
		{708E6393-539A-4DB0-BF8F-32326157692A}.Debug|Any CPU.ActiveCfg = Debug|Any CPU
		{708E6393-539A-4DB0-BF8F-32326157692A}.Debug|Any CPU.Build.0 = Debug|Any CPU
		{708E6393-539A-4DB0-BF8F-32326157692A}.Release|Any CPU.ActiveCfg = Release|Any CPU
		{708E6393-539A-4DB0-BF8F-32326157692A}.Release|Any CPU.Build.0 = Release|Any CPU
	EndGlobalSection
	GlobalSection(SolutionProperties) = preSolution
		HideSolutionNode = FALSE
	EndGlobalSection
	GlobalSection(ExtensibilityGlobals) = postSolution
		SolutionGuid = {81789A23-03BD-44D0-AFB0-72479B079C04}
	EndGlobalSection
EndGlobal
