
Microsoft Visual Studio Solution File, Format Version 12.00
# Visual Studio Version 17
VisualStudioVersion = 17.0.32112.339
MinimumVisualStudioVersion = 10.0.40219.1
Project("{FAE04EC0-301F-11D3-BF4B-00C04F79EFBC}") = "Assignment4.4", "Assignment4.4.csproj", "{6BF643A2-CBA8-4C54-AFD5-1811493FF3F8}"
EndProject
Global
	GlobalSection(SolutionConfigurationPlatforms) = preSolution
		Debug|Any CPU = Debug|Any CPU
		Release|Any CPU = Release|Any CPU
	EndGlobalSection
	GlobalSection(ProjectConfigurationPlatforms) = postSolution
		{6BF643A2-CBA8-4C54-AFD5-1811493FF3F8}.Debug|Any CPU.ActiveCfg = Debug|Any CPU
		{6BF643A2-CBA8-4C54-AFD5-1811493FF3F8}.Debug|Any CPU.Build.0 = Debug|Any CPU
		{6BF643A2-CBA8-4C54-AFD5-1811493FF3F8}.Release|Any CPU.ActiveCfg = Release|Any CPU
		{6BF643A2-CBA8-4C54-AFD5-1811493FF3F8}.Release|Any CPU.Build.0 = Release|Any CPU
	EndGlobalSection
	GlobalSection(SolutionProperties) = preSolution
		HideSolutionNode = FALSE
	EndGlobalSection
	GlobalSection(ExtensibilityGlobals) = postSolution
		SolutionGuid = {E32BE643-4CBF-4281-9057-05C438817A18}
	EndGlobalSection
EndGlobal
