
Microsoft Visual Studio Solution File, Format Version 12.00
# Visual Studio Version 17
VisualStudioVersion = 17.0.32112.339
MinimumVisualStudioVersion = 10.0.40219.1
Project("{FAE04EC0-301F-11D3-BF4B-00C04F79EFBC}") = "Assignment6.2", "Assignment6.2.csproj", "{4208231F-A120-4D11-80EC-212376370E47}"
EndProject
Global
	GlobalSection(SolutionConfigurationPlatforms) = preSolution
		Debug|Any CPU = Debug|Any CPU
		Release|Any CPU = Release|Any CPU
	EndGlobalSection
	GlobalSection(ProjectConfigurationPlatforms) = postSolution
		{4208231F-A120-4D11-80EC-212376370E47}.Debug|Any CPU.ActiveCfg = Debug|Any CPU
		{4208231F-A120-4D11-80EC-212376370E47}.Debug|Any CPU.Build.0 = Debug|Any CPU
		{4208231F-A120-4D11-80EC-212376370E47}.Release|Any CPU.ActiveCfg = Release|Any CPU
		{4208231F-A120-4D11-80EC-212376370E47}.Release|Any CPU.Build.0 = Release|Any CPU
	EndGlobalSection
	GlobalSection(SolutionProperties) = preSolution
		HideSolutionNode = FALSE
	EndGlobalSection
	GlobalSection(ExtensibilityGlobals) = postSolution
		SolutionGuid = {8D9DEE53-728E-40D3-BD82-573E126B8E45}
	EndGlobalSection
EndGlobal
